
Microsoft Visual Studio Solution File, Format Version 12.00
# Visual Studio Version 17
VisualStudioVersion = 17.1.32328.378
MinimumVisualStudioVersion = 10.0.40219.1
Project("{FAE04EC0-301F-11D3-BF4B-00C04F79EFBC}") = "Remap", "Remap\Remap.csproj", "{D622C894-897C-4126-BFFE-8E90824A2BEB}"
EndProject
Global
	GlobalSection(SolutionConfigurationPlatforms) = preSolution
		Debug|Any CPU = Debug|Any CPU
		Release|Any CPU = Release|Any CPU
	EndGlobalSection
	GlobalSection(ProjectConfigurationPlatforms) = postSolution
		{D622C894-897C-4126-BFFE-8E90824A2BEB}.Debug|Any CPU.ActiveCfg = Debug|Any CPU
		{D622C894-897C-4126-BFFE-8E90824A2BEB}.Debug|Any CPU.Build.0 = Debug|Any CPU
		{D622C894-897C-4126-BFFE-8E90824A2BEB}.Release|Any CPU.ActiveCfg = Release|Any CPU
		{D622C894-897C-4126-BFFE-8E90824A2BEB}.Release|Any CPU.Build.0 = Release|Any CPU
	EndGlobalSection
	GlobalSection(SolutionProperties) = preSolution
		HideSolutionNode = FALSE
	EndGlobalSection
	GlobalSection(ExtensibilityGlobals) = postSolution
		SolutionGuid = {C2A3A2AB-FBAF-4EB8-97D7-A2A9929B9DB7}
	EndGlobalSection
EndGlobal
