
Microsoft Visual Studio Solution File, Format Version 12.00
# Visual Studio Version 17
VisualStudioVersion = 17.1.32328.378
MinimumVisualStudioVersion = 10.0.40219.1
Project("{FAE04EC0-301F-11D3-BF4B-00C04F79EFBC}") = "RemapForms", "RemapForms\RemapForms.csproj", "{FE02E914-FDE0-475F-870B-DF61A04AB371}"
EndProject
Global
	GlobalSection(SolutionConfigurationPlatforms) = preSolution
		Debug|Any CPU = Debug|Any CPU
		Release|Any CPU = Release|Any CPU
	EndGlobalSection
	GlobalSection(ProjectConfigurationPlatforms) = postSolution
		{FE02E914-FDE0-475F-870B-DF61A04AB371}.Debug|Any CPU.ActiveCfg = Debug|Any CPU
		{FE02E914-FDE0-475F-870B-DF61A04AB371}.Debug|Any CPU.Build.0 = Debug|Any CPU
		{FE02E914-FDE0-475F-870B-DF61A04AB371}.Release|Any CPU.ActiveCfg = Release|Any CPU
		{FE02E914-FDE0-475F-870B-DF61A04AB371}.Release|Any CPU.Build.0 = Release|Any CPU
	EndGlobalSection
	GlobalSection(SolutionProperties) = preSolution
		HideSolutionNode = FALSE
	EndGlobalSection
	GlobalSection(ExtensibilityGlobals) = postSolution
		SolutionGuid = {ED8F581B-56E6-4881-9E6C-2FAA5226F412}
	EndGlobalSection
EndGlobal
